
Microsoft Visual Studio Solution File, Format Version 12.00
# Visual Studio Version 17
VisualStudioVersion = 17.12.35707.178 d17.12
MinimumVisualStudioVersion = 10.0.40219.1
Project("{FAE04EC0-301F-11D3-BF4B-00C04F79EFBC}") = "FruitSaladLibrary", "FruitSaladLibrary\FruitSaladLibrary.csproj", "{C63AED21-AC63-45C7-A4DF-05DF2E46E0B4}"
EndProject
Project("{FAE04EC0-301F-11D3-BF4B-00C04F79EFBC}") = "FruitSaladDeliveryApp", "FruitSaladDeliveryApp\FruitSaladDeliveryApp.csproj", "{5FDF38E8-C9E0-4625-AF6A-BBEC780B4809}"
EndProject
Global
	GlobalSection(SolutionConfigurationPlatforms) = preSolution
		Debug|Any CPU = Debug|Any CPU
		Release|Any CPU = Release|Any CPU
	EndGlobalSection
	GlobalSection(ProjectConfigurationPlatforms) = postSolution
		{C63AED21-AC63-45C7-A4DF-05DF2E46E0B4}.Debug|Any CPU.ActiveCfg = Debug|Any CPU
		{C63AED21-AC63-45C7-A4DF-05DF2E46E0B4}.Debug|Any CPU.Build.0 = Debug|Any CPU
		{C63AED21-AC63-45C7-A4DF-05DF2E46E0B4}.Release|Any CPU.ActiveCfg = Release|Any CPU
		{C63AED21-AC63-45C7-A4DF-05DF2E46E0B4}.Release|Any CPU.Build.0 = Release|Any CPU
		{5FDF38E8-C9E0-4625-AF6A-BBEC780B4809}.Debug|Any CPU.ActiveCfg = Debug|Any CPU
		{5FDF38E8-C9E0-4625-AF6A-BBEC780B4809}.Debug|Any CPU.Build.0 = Debug|Any CPU
		{5FDF38E8-C9E0-4625-AF6A-BBEC780B4809}.Release|Any CPU.ActiveCfg = Release|Any CPU
		{5FDF38E8-C9E0-4625-AF6A-BBEC780B4809}.Release|Any CPU.Build.0 = Release|Any CPU
	EndGlobalSection
	GlobalSection(SolutionProperties) = preSolution
		HideSolutionNode = FALSE
	EndGlobalSection
EndGlobal
